
Microsoft Visual Studio Solution File, Format Version 12.00
Project("{FAE04EC0-301F-11D3-BF4B-00C04F79EFBC}") = "LeetCodeCSharp", "LeetCodeCSharp\LeetCodeCSharp.csproj", "{EF1E6A81-A237-419F-B1D9-906BB23B45EA}"
EndProject
Global
	GlobalSection(SolutionConfigurationPlatforms) = preSolution
		Debug|Any CPU = Debug|Any CPU
		Release|Any CPU = Release|Any CPU
	EndGlobalSection
	GlobalSection(ProjectConfigurationPlatforms) = postSolution
		{EF1E6A81-A237-419F-B1D9-906BB23B45EA}.Debug|Any CPU.ActiveCfg = Debug|Any CPU
		{EF1E6A81-A237-419F-B1D9-906BB23B45EA}.Debug|Any CPU.Build.0 = Debug|Any CPU
		{EF1E6A81-A237-419F-B1D9-906BB23B45EA}.Release|Any CPU.ActiveCfg = Release|Any CPU
		{EF1E6A81-A237-419F-B1D9-906BB23B45EA}.Release|Any CPU.Build.0 = Release|Any CPU
	EndGlobalSection
EndGlobal
